
Microsoft Visual Studio Solution File, Format Version 12.00
# Visual Studio 15
VisualStudioVersion = 15.0.28307.329
MinimumVisualStudioVersion = 10.0.40219.1
Project("{FAE04EC0-301F-11D3-BF4B-00C04F79EFBC}") = "MEvap", "MEvap.csproj", "{8B654384-B0C0-442D-9C02-914C410DDD06}"
EndProject
Global
	GlobalSection(SolutionConfigurationPlatforms) = preSolution
		Debug|Any CPU = Debug|Any CPU
		Release|Any CPU = Release|Any CPU
	EndGlobalSection
	GlobalSection(ProjectConfigurationPlatforms) = postSolution
		{8B654384-B0C0-442D-9C02-914C410DDD06}.Debug|Any CPU.ActiveCfg = Debug|Any CPU
		{8B654384-B0C0-442D-9C02-914C410DDD06}.Debug|Any CPU.Build.0 = Debug|Any CPU
		{8B654384-B0C0-442D-9C02-914C410DDD06}.Release|Any CPU.ActiveCfg = Release|Any CPU
		{8B654384-B0C0-442D-9C02-914C410DDD06}.Release|Any CPU.Build.0 = Release|Any CPU
	EndGlobalSection
	GlobalSection(SolutionProperties) = preSolution
		HideSolutionNode = FALSE
	EndGlobalSection
	GlobalSection(ExtensibilityGlobals) = postSolution
		SolutionGuid = {EE3E3147-506D-438D-B0B5-AF4B9B1334F4}
	EndGlobalSection
EndGlobal
