
Microsoft Visual Studio Solution File, Format Version 12.00
# Visual Studio Version 17
VisualStudioVersion = 17.4.33213.308
MinimumVisualStudioVersion = 10.0.40219.1
Project("{FAE04EC0-301F-11D3-BF4B-00C04F79EFBC}") = "Moisture Vaporator Fixed", "Moisture Vaporator Fixed.csproj", "{CF1BFB16-DA74-418E-A34F-E3E4E54FADC3}"
EndProject
Global
	GlobalSection(SolutionConfigurationPlatforms) = preSolution
		Debug|Any CPU = Debug|Any CPU
		Release|Any CPU = Release|Any CPU
	EndGlobalSection
	GlobalSection(ProjectConfigurationPlatforms) = postSolution
		{CF1BFB16-DA74-418E-A34F-E3E4E54FADC3}.Debug|Any CPU.ActiveCfg = Debug|Any CPU
		{CF1BFB16-DA74-418E-A34F-E3E4E54FADC3}.Debug|Any CPU.Build.0 = Debug|Any CPU
		{CF1BFB16-DA74-418E-A34F-E3E4E54FADC3}.Release|Any CPU.ActiveCfg = Release|Any CPU
		{CF1BFB16-DA74-418E-A34F-E3E4E54FADC3}.Release|Any CPU.Build.0 = Release|Any CPU
	EndGlobalSection
	GlobalSection(SolutionProperties) = preSolution
		HideSolutionNode = FALSE
	EndGlobalSection
	GlobalSection(ExtensibilityGlobals) = postSolution
		SolutionGuid = {9BC6DE77-1A5F-4F29-B82B-ABD113788D47}
	EndGlobalSection
EndGlobal
